
Microsoft Visual Studio Solution File, Format Version 12.00
Project("{FAE04EC0-301F-11D3-BF4B-00C04F79EFBC}") = "Data", "Data\Data.csproj", "{C469D9CE-1A1C-430E-94ED-38A8167C8128}"
EndProject
Global
	GlobalSection(SolutionConfigurationPlatforms) = preSolution
		Debug|Any CPU = Debug|Any CPU
		Release|Any CPU = Release|Any CPU
	EndGlobalSection
	GlobalSection(ProjectConfigurationPlatforms) = postSolution
		{C469D9CE-1A1C-430E-94ED-38A8167C8128}.Debug|Any CPU.ActiveCfg = Debug|Any CPU
		{C469D9CE-1A1C-430E-94ED-38A8167C8128}.Debug|Any CPU.Build.0 = Debug|Any CPU
		{C469D9CE-1A1C-430E-94ED-38A8167C8128}.Release|Any CPU.ActiveCfg = Release|Any CPU
		{C469D9CE-1A1C-430E-94ED-38A8167C8128}.Release|Any CPU.Build.0 = Release|Any CPU
	EndGlobalSection
EndGlobal
